
Microsoft Visual Studio Solution File, Format Version 12.00
# Visual Studio Version 17
VisualStudioVersion = 17.9.34728.123
MinimumVisualStudioVersion = 10.0.40219.1
Project("{FAE04EC0-301F-11D3-BF4B-00C04F79EFBC}") = "Unlogy", "Unlogy\Unlogy.csproj", "{27C8DB92-CA40-4148-82F2-AE7C57C3F582}"
EndProject
Global
	GlobalSection(SolutionConfigurationPlatforms) = preSolution
		Debug|Any CPU = Debug|Any CPU
		Release|Any CPU = Release|Any CPU
	EndGlobalSection
	GlobalSection(ProjectConfigurationPlatforms) = postSolution
		{27C8DB92-CA40-4148-82F2-AE7C57C3F582}.Debug|Any CPU.ActiveCfg = Debug|Any CPU
		{27C8DB92-CA40-4148-82F2-AE7C57C3F582}.Debug|Any CPU.Build.0 = Debug|Any CPU
		{27C8DB92-CA40-4148-82F2-AE7C57C3F582}.Release|Any CPU.ActiveCfg = Release|Any CPU
		{27C8DB92-CA40-4148-82F2-AE7C57C3F582}.Release|Any CPU.Build.0 = Release|Any CPU
	EndGlobalSection
	GlobalSection(SolutionProperties) = preSolution
		HideSolutionNode = FALSE
	EndGlobalSection
	GlobalSection(ExtensibilityGlobals) = postSolution
		SolutionGuid = {85529491-3573-48E8-AD79-0F947FAF7AAB}
	EndGlobalSection
EndGlobal
